{
  "name": "dhbw-web2",
  "version": "1.0.0",
  "lockfileVersion": 3,
  "requires": true,
  "packages": {
    "": {
      "name": "dhbw-web2",
      "version": "1.0.0",
      "license": "ISC",
      "dependencies": {
        "hex-to-array-buffer": "^2.0.0",
        "tweetnacl-sealedbox-js": "^1.2.0"
      },
      "devDependencies": {
        "@types/node": "^20.11.30",
        "typescript": "^5.4.2"
      }
    },
    "node_modules/@types/node": {
      "version": "20.11.30",
      "resolved": "https://registry.npmjs.org/@types/node/-/node-20.11.30.tgz",
      "integrity": "sha512-dHM6ZxwlmuZaRmUPfv1p+KrdD1Dci04FbdEm/9wEMouFqxYoFl5aMkt0VMAUtYRQDyYvD41WJLukhq/ha3YuTw==",
      "dev": true,
      "dependencies": {
        "undici-types": "~5.26.4"
      }
    },
    "node_modules/blakejs": {
      "version": "1.2.1",
      "resolved": "https://registry.npmjs.org/blakejs/-/blakejs-1.2.1.tgz",
      "integrity": "sha512-QXUSXI3QVc/gJME0dBpXrag1kbzOqCjCX8/b54ntNyW6sjtoqxqRk3LTmXzaJoh71zMsDCjM+47jS7XiwN/+fQ=="
    },
    "node_modules/hex-to-array-buffer": {
      "version": "2.0.0",
      "resolved": "https://registry.npmjs.org/hex-to-array-buffer/-/hex-to-array-buffer-2.0.0.tgz",
      "integrity": "sha512-svtomp6qK6DL7TgteiPmImS/FQFb5yJSt17zseS8qBcYrJLkieFJKn2a2FBjRG9BYpy9uq2VeEBh6rRc16xh8w==",
      "engines": {
        "node": "^12.20.0 || ^14.13.1 || >=16.0.0"
      }
    },
    "node_modules/tweetnacl": {
      "version": "1.0.3",
      "resolved": "https://registry.npmjs.org/tweetnacl/-/tweetnacl-1.0.3.tgz",
      "integrity": "sha512-6rt+RN7aOi1nGMyC4Xa5DdYiukl2UWCbcJft7YhxReBGQD7OAM8Pbxw6YMo4r2diNEA8FEmu32YOn9rhaiE5yw=="
    },
    "node_modules/tweetnacl-sealedbox-js": {
      "version": "1.2.0",
      "resolved": "https://registry.npmjs.org/tweetnacl-sealedbox-js/-/tweetnacl-sealedbox-js-1.2.0.tgz",
      "integrity": "sha512-QoCr8K2hwri+ky7SUa22oSre8g88XaWi0hwwWd16pJMuDyn5gL/UyE0PyR2EOFEMJ70T2trJ9+Sv+Qa18olEmQ==",
      "dependencies": {
        "blakejs": "^1.1.0",
        "tweetnacl": "^1.0.1"
      }
    },
    "node_modules/typescript": {
      "version": "5.4.2",
      "resolved": "https://registry.npmjs.org/typescript/-/typescript-5.4.2.tgz",
      "integrity": "sha512-+2/g0Fds1ERlP6JsakQQDXjZdZMM+rqpamFZJEKh4kwTIn3iDkgKtby0CeNd5ATNZ4Ry1ax15TMx0W2V+miizQ==",
      "dev": true,
      "bin": {
        "tsc": "bin/tsc",
        "tsserver": "bin/tsserver"
      },
      "engines": {
        "node": ">=14.17"
      }
    },
    "node_modules/undici-types": {
      "version": "5.26.5",
      "resolved": "https://registry.npmjs.org/undici-types/-/undici-types-5.26.5.tgz",
      "integrity": "sha512-JlCMO+ehdEIKqlFxk6IfVoAUVmgz7cU7zD/h9XZ0qzeosSHmUJVOzSQvvYSYWXkFXC+IfLKSIffhv0sVZup6pA==",
      "dev": true
    }
  }
}
